
Microsoft Visual Studio Solution File, Format Version 12.00
# Visual Studio Version 17
VisualStudioVersion = 17.9.34902.65
MinimumVisualStudioVersion = 10.0.40219.1
Project("{888888A0-9F3D-457C-B088-3A5042F75D52}") = "Problem 88 - Product-sum Numbers", "Problem 88 - Product-sum Numbers.pyproj", "{4E1AEFC6-48E8-43B3-8F18-3988351E9641}"
EndProject
Global
	GlobalSection(SolutionConfigurationPlatforms) = preSolution
		Debug|Any CPU = Debug|Any CPU
		Release|Any CPU = Release|Any CPU
	EndGlobalSection
	GlobalSection(ProjectConfigurationPlatforms) = postSolution
		{4E1AEFC6-48E8-43B3-8F18-3988351E9641}.Debug|Any CPU.ActiveCfg = Debug|Any CPU
		{4E1AEFC6-48E8-43B3-8F18-3988351E9641}.Release|Any CPU.ActiveCfg = Release|Any CPU
	EndGlobalSection
	GlobalSection(SolutionProperties) = preSolution
		HideSolutionNode = FALSE
	EndGlobalSection
	GlobalSection(ExtensibilityGlobals) = postSolution
		SolutionGuid = {AC2AAC17-FFD8-45A7-A694-8788EA3DEB67}
	EndGlobalSection
EndGlobal
