
Microsoft Visual Studio Solution File, Format Version 12.00
# Visual Studio Version 17
VisualStudioVersion = 17.9.34902.65
MinimumVisualStudioVersion = 10.0.40219.1
Project("{888888A0-9F3D-457C-B088-3A5042F75D52}") = "Problem 107 - Minimal Network", "Problem 107 - Minimal Network.pyproj", "{5195DAB4-14F4-416F-9A2E-3EC2FB921510}"
EndProject
Global
	GlobalSection(SolutionConfigurationPlatforms) = preSolution
		Debug|Any CPU = Debug|Any CPU
		Release|Any CPU = Release|Any CPU
	EndGlobalSection
	GlobalSection(ProjectConfigurationPlatforms) = postSolution
		{5195DAB4-14F4-416F-9A2E-3EC2FB921510}.Debug|Any CPU.ActiveCfg = Debug|Any CPU
		{5195DAB4-14F4-416F-9A2E-3EC2FB921510}.Release|Any CPU.ActiveCfg = Release|Any CPU
	EndGlobalSection
	GlobalSection(SolutionProperties) = preSolution
		HideSolutionNode = FALSE
	EndGlobalSection
	GlobalSection(ExtensibilityGlobals) = postSolution
		SolutionGuid = {88670523-6CA9-48E4-A52B-CF6FB1AE1A49}
	EndGlobalSection
EndGlobal
