
Microsoft Visual Studio Solution File, Format Version 12.00
# Visual Studio Version 17
VisualStudioVersion = 17.9.34902.65
MinimumVisualStudioVersion = 10.0.40219.1
Project("{888888A0-9F3D-457C-B088-3A5042F75D52}") = "Problem 63 - Powerful Digit Counts", "Problem 63 - Powerful Digit Counts.pyproj", "{F64562D3-7947-492C-A24F-B3F26E1289E0}"
EndProject
Global
	GlobalSection(SolutionConfigurationPlatforms) = preSolution
		Debug|Any CPU = Debug|Any CPU
		Release|Any CPU = Release|Any CPU
	EndGlobalSection
	GlobalSection(ProjectConfigurationPlatforms) = postSolution
		{F64562D3-7947-492C-A24F-B3F26E1289E0}.Debug|Any CPU.ActiveCfg = Debug|Any CPU
		{F64562D3-7947-492C-A24F-B3F26E1289E0}.Release|Any CPU.ActiveCfg = Release|Any CPU
	EndGlobalSection
	GlobalSection(SolutionProperties) = preSolution
		HideSolutionNode = FALSE
	EndGlobalSection
	GlobalSection(ExtensibilityGlobals) = postSolution
		SolutionGuid = {08C06FE1-2AD6-4C3F-A2CD-631EF780D494}
	EndGlobalSection
EndGlobal
