
Microsoft Visual Studio Solution File, Format Version 12.00
# Visual Studio Version 17
VisualStudioVersion = 17.9.34902.65
MinimumVisualStudioVersion = 10.0.40219.1
Project("{888888A0-9F3D-457C-B088-3A5042F75D52}") = "Problem 97 - Large Non-Mersenne Prime", "Problem 97 - Large Non-Mersenne Prime.pyproj", "{66A85030-4922-4606-946D-7B52DC1880DC}"
EndProject
Global
	GlobalSection(SolutionConfigurationPlatforms) = preSolution
		Debug|Any CPU = Debug|Any CPU
		Release|Any CPU = Release|Any CPU
	EndGlobalSection
	GlobalSection(ProjectConfigurationPlatforms) = postSolution
		{66A85030-4922-4606-946D-7B52DC1880DC}.Debug|Any CPU.ActiveCfg = Debug|Any CPU
		{66A85030-4922-4606-946D-7B52DC1880DC}.Release|Any CPU.ActiveCfg = Release|Any CPU
	EndGlobalSection
	GlobalSection(SolutionProperties) = preSolution
		HideSolutionNode = FALSE
	EndGlobalSection
	GlobalSection(ExtensibilityGlobals) = postSolution
		SolutionGuid = {BB0BC5E9-B01A-4234-B61B-E8E07301D090}
	EndGlobalSection
EndGlobal
