
Microsoft Visual Studio Solution File, Format Version 12.00
# Visual Studio Version 17
VisualStudioVersion = 17.9.34902.65
MinimumVisualStudioVersion = 10.0.40219.1
Project("{888888A0-9F3D-457C-B088-3A5042F75D52}") = "Problem 47 - Distinct Prime Factors", "Problem 47 - Distinct Prime Factors.pyproj", "{C1AC9130-9EE9-4A14-8E3A-B18C16CCFAC6}"
EndProject
Global
	GlobalSection(SolutionConfigurationPlatforms) = preSolution
		Debug|Any CPU = Debug|Any CPU
		Release|Any CPU = Release|Any CPU
	EndGlobalSection
	GlobalSection(ProjectConfigurationPlatforms) = postSolution
		{C1AC9130-9EE9-4A14-8E3A-B18C16CCFAC6}.Debug|Any CPU.ActiveCfg = Debug|Any CPU
		{C1AC9130-9EE9-4A14-8E3A-B18C16CCFAC6}.Release|Any CPU.ActiveCfg = Release|Any CPU
	EndGlobalSection
	GlobalSection(SolutionProperties) = preSolution
		HideSolutionNode = FALSE
	EndGlobalSection
	GlobalSection(ExtensibilityGlobals) = postSolution
		SolutionGuid = {98FD1662-E106-4891-A43A-C9256320AD00}
	EndGlobalSection
EndGlobal
