
Microsoft Visual Studio Solution File, Format Version 12.00
# Visual Studio Version 17
VisualStudioVersion = 17.6.33815.320
MinimumVisualStudioVersion = 10.0.40219.1
Project("{8BC9CEB8-8B4A-11D0-8D11-00A0C91BC942}") = "NumGoblin", "NumGoblin.vcxproj", "{E1475D8E-2CFD-4EAD-81CA-CF09B5E0EFAD}"
EndProject
Global
	GlobalSection(SolutionConfigurationPlatforms) = preSolution
		Debug|x64 = Debug|x64
		Debug|x86 = Debug|x86
		Release|x64 = Release|x64
		Release|x86 = Release|x86
	EndGlobalSection
	GlobalSection(ProjectConfigurationPlatforms) = postSolution
		{E1475D8E-2CFD-4EAD-81CA-CF09B5E0EFAD}.Debug|x64.ActiveCfg = Debug|x64
		{E1475D8E-2CFD-4EAD-81CA-CF09B5E0EFAD}.Debug|x64.Build.0 = Debug|x64
		{E1475D8E-2CFD-4EAD-81CA-CF09B5E0EFAD}.Debug|x86.ActiveCfg = Debug|Win32
		{E1475D8E-2CFD-4EAD-81CA-CF09B5E0EFAD}.Debug|x86.Build.0 = Debug|Win32
		{E1475D8E-2CFD-4EAD-81CA-CF09B5E0EFAD}.Release|x64.ActiveCfg = Release|x64
		{E1475D8E-2CFD-4EAD-81CA-CF09B5E0EFAD}.Release|x64.Build.0 = Release|x64
		{E1475D8E-2CFD-4EAD-81CA-CF09B5E0EFAD}.Release|x86.ActiveCfg = Release|Win32
		{E1475D8E-2CFD-4EAD-81CA-CF09B5E0EFAD}.Release|x86.Build.0 = Release|Win32
	EndGlobalSection
	GlobalSection(SolutionProperties) = preSolution
		HideSolutionNode = FALSE
	EndGlobalSection
	GlobalSection(ExtensibilityGlobals) = postSolution
		SolutionGuid = {D00C510D-C11B-4CF2-A472-A3A8CAC8C1FB}
	EndGlobalSection
EndGlobal
