
Microsoft Visual Studio Solution File, Format Version 12.00
# Visual Studio Version 17
VisualStudioVersion = 17.9.34902.65
MinimumVisualStudioVersion = 10.0.40219.1
Project("{888888A0-9F3D-457C-B088-3A5042F75D52}") = "Problem 65 - Convergents of e", "Problem 65 - Convergents of e.pyproj", "{B4802017-9B8C-48E1-89C5-09BB067ABF72}"
EndProject
Global
	GlobalSection(SolutionConfigurationPlatforms) = preSolution
		Debug|Any CPU = Debug|Any CPU
		Release|Any CPU = Release|Any CPU
	EndGlobalSection
	GlobalSection(ProjectConfigurationPlatforms) = postSolution
		{B4802017-9B8C-48E1-89C5-09BB067ABF72}.Debug|Any CPU.ActiveCfg = Debug|Any CPU
		{B4802017-9B8C-48E1-89C5-09BB067ABF72}.Release|Any CPU.ActiveCfg = Release|Any CPU
	EndGlobalSection
	GlobalSection(SolutionProperties) = preSolution
		HideSolutionNode = FALSE
	EndGlobalSection
	GlobalSection(ExtensibilityGlobals) = postSolution
		SolutionGuid = {D725D273-49D7-4DEF-A2FD-EA6C776D4819}
	EndGlobalSection
EndGlobal
