
Microsoft Visual Studio Solution File, Format Version 12.00
# Visual Studio Version 17
VisualStudioVersion = 17.9.34902.65
MinimumVisualStudioVersion = 10.0.40219.1
Project("{888888A0-9F3D-457C-B088-3A5042F75D52}") = "Problem 84 - Monopoly Odds", "Problem 84 - Monopoly Odds.pyproj", "{5E1C442D-1FA8-4AA3-913C-E214A4CA11A3}"
EndProject
Global
	GlobalSection(SolutionConfigurationPlatforms) = preSolution
		Debug|Any CPU = Debug|Any CPU
		Release|Any CPU = Release|Any CPU
	EndGlobalSection
	GlobalSection(ProjectConfigurationPlatforms) = postSolution
		{5E1C442D-1FA8-4AA3-913C-E214A4CA11A3}.Debug|Any CPU.ActiveCfg = Debug|Any CPU
		{5E1C442D-1FA8-4AA3-913C-E214A4CA11A3}.Release|Any CPU.ActiveCfg = Release|Any CPU
	EndGlobalSection
	GlobalSection(SolutionProperties) = preSolution
		HideSolutionNode = FALSE
	EndGlobalSection
	GlobalSection(ExtensibilityGlobals) = postSolution
		SolutionGuid = {8BCB55A7-A207-4A1C-BE81-AE3CA73BE769}
	EndGlobalSection
EndGlobal
