
Microsoft Visual Studio Solution File, Format Version 12.00
# Visual Studio Version 17
VisualStudioVersion = 17.9.34902.65
MinimumVisualStudioVersion = 10.0.40219.1
Project("{888888A0-9F3D-457C-B088-3A5042F75D52}") = "Problem 87 - Prime Power Triples", "Problem 87 - Prime Power Triples.pyproj", "{CC1D4214-C691-4200-8328-7A80434F7C51}"
EndProject
Global
	GlobalSection(SolutionConfigurationPlatforms) = preSolution
		Debug|Any CPU = Debug|Any CPU
		Release|Any CPU = Release|Any CPU
	EndGlobalSection
	GlobalSection(ProjectConfigurationPlatforms) = postSolution
		{CC1D4214-C691-4200-8328-7A80434F7C51}.Debug|Any CPU.ActiveCfg = Debug|Any CPU
		{CC1D4214-C691-4200-8328-7A80434F7C51}.Release|Any CPU.ActiveCfg = Release|Any CPU
	EndGlobalSection
	GlobalSection(SolutionProperties) = preSolution
		HideSolutionNode = FALSE
	EndGlobalSection
	GlobalSection(ExtensibilityGlobals) = postSolution
		SolutionGuid = {8B82AF21-C8D5-4868-9C73-6C80AB0810A7}
	EndGlobalSection
EndGlobal
