
Microsoft Visual Studio Solution File, Format Version 12.00
# Visual Studio Version 17
VisualStudioVersion = 17.7.34031.279
MinimumVisualStudioVersion = 10.0.40219.1
Project("{888888A0-9F3D-457C-B088-3A5042F75D52}") = "Problem 53 - Combinatoric Selections", "Problem 53 - Combinatoric Selections.pyproj", "{8E20483A-3610-478B-B30D-850FD56BB19B}"
EndProject
Global
	GlobalSection(SolutionConfigurationPlatforms) = preSolution
		Debug|Any CPU = Debug|Any CPU
		Release|Any CPU = Release|Any CPU
	EndGlobalSection
	GlobalSection(ProjectConfigurationPlatforms) = postSolution
		{8E20483A-3610-478B-B30D-850FD56BB19B}.Debug|Any CPU.ActiveCfg = Debug|Any CPU
		{8E20483A-3610-478B-B30D-850FD56BB19B}.Release|Any CPU.ActiveCfg = Release|Any CPU
	EndGlobalSection
	GlobalSection(SolutionProperties) = preSolution
		HideSolutionNode = FALSE
	EndGlobalSection
	GlobalSection(ExtensibilityGlobals) = postSolution
		SolutionGuid = {381BD8B4-0D7F-4FC5-8491-715D02E8EA01}
	EndGlobalSection
EndGlobal
