
Microsoft Visual Studio Solution File, Format Version 12.00
# Visual Studio Version 17
VisualStudioVersion = 17.9.34902.65
MinimumVisualStudioVersion = 10.0.40219.1
Project("{888888A0-9F3D-457C-B088-3A5042F75D52}") = "Problem 85 - Counting Rectangles", "Problem 85 - Counting Rectangles.pyproj", "{C3433ACC-9812-4D7A-90C8-1AAB86F2E059}"
EndProject
Global
	GlobalSection(SolutionConfigurationPlatforms) = preSolution
		Debug|Any CPU = Debug|Any CPU
		Release|Any CPU = Release|Any CPU
	EndGlobalSection
	GlobalSection(ProjectConfigurationPlatforms) = postSolution
		{C3433ACC-9812-4D7A-90C8-1AAB86F2E059}.Debug|Any CPU.ActiveCfg = Debug|Any CPU
		{C3433ACC-9812-4D7A-90C8-1AAB86F2E059}.Release|Any CPU.ActiveCfg = Release|Any CPU
	EndGlobalSection
	GlobalSection(SolutionProperties) = preSolution
		HideSolutionNode = FALSE
	EndGlobalSection
	GlobalSection(ExtensibilityGlobals) = postSolution
		SolutionGuid = {10096F84-F651-4995-9DF9-C058A392D310}
	EndGlobalSection
EndGlobal
