
Microsoft Visual Studio Solution File, Format Version 12.00
# Visual Studio Version 17
VisualStudioVersion = 17.9.34902.65
MinimumVisualStudioVersion = 10.0.40219.1
Project("{888888A0-9F3D-457C-B088-3A5042F75D52}") = "Problem 57 - Square Root Convergents", "Problem 57 - Square Root Convergents.pyproj", "{3AB151A3-501C-4BC7-92D1-15664CFE3BAD}"
EndProject
Global
	GlobalSection(SolutionConfigurationPlatforms) = preSolution
		Debug|Any CPU = Debug|Any CPU
		Release|Any CPU = Release|Any CPU
	EndGlobalSection
	GlobalSection(ProjectConfigurationPlatforms) = postSolution
		{3AB151A3-501C-4BC7-92D1-15664CFE3BAD}.Debug|Any CPU.ActiveCfg = Debug|Any CPU
		{3AB151A3-501C-4BC7-92D1-15664CFE3BAD}.Release|Any CPU.ActiveCfg = Release|Any CPU
	EndGlobalSection
	GlobalSection(SolutionProperties) = preSolution
		HideSolutionNode = FALSE
	EndGlobalSection
	GlobalSection(ExtensibilityGlobals) = postSolution
		SolutionGuid = {42193171-A056-4737-AD73-BC8E9826BAE7}
	EndGlobalSection
EndGlobal
